{
  "nodes": {
    "blink-cmp-redraw-fix": {
      "flake": false,
      "locked": {
        "lastModified": 1771543615,
        "narHash": "sha256-nuwX6M2c7NagOCDABgbWSbKA7HNc2jCd3m3Q2okzhKE=",
        "owner": "saghen",
        "repo": "blink.cmp",
        "rev": "8a85527550c040db41272570f5fb4bae753c839f",
        "type": "github"
      },
      "original": {
        "owner": "saghen",
        "ref": "fix/visual-artifacts",
        "repo": "blink.cmp",
        "type": "github"
      }
    },
    "dwm-gep": {
      "inputs": {
        "nixpkgs": []
      },
      "locked": {
        "lastModified": 1771165461,
        "narHash": "sha256-4G1kpceKx87kbpnutuid3rMD1ivJ2wgFxL2UhVmrjA8=",
        "ref": "refs/heads/rice",
        "rev": "408e7e72bddb2e9b0417a26e76c7b217f2485cf5",
        "revCount": 1767,
        "type": "git",
        "url": "https://git.tchfoo.com/gepbird/dwm"
      },
      "original": {
        "type": "git",
        "url": "https://git.tchfoo.com/gepbird/dwm"
      }
    },
    "flake-parts": {
      "inputs": {
        "nixpkgs-lib": [
          "nixpkgs"
        ]
      },
      "locked": {
        "lastModified": 1769996383,
        "narHash": "sha256-AnYjnFWgS49RlqX7LrC4uA+sCCDBj0Ry/WOJ5XWAsa0=",
        "owner": "hercules-ci",
        "repo": "flake-parts",
        "rev": "57928607ea566b5db3ad13af0e57e921e6b12381",
        "type": "github"
      },
      "original": {
        "owner": "hercules-ci",
        "repo": "flake-parts",
        "type": "github"
      }
    },
    "home-manager": {
      "inputs": {
        "nixpkgs": []
      },
      "locked": {
        "lastModified": 1771750122,
        "narHash": "sha256-+JYMGE6Z4O7GoaBFHByl22XcyeStu56GE1eu3+2sVjI=",
        "owner": "nix-community",
        "repo": "home-manager",
        "rev": "603626a8da9e1b622e55251a90ef486b8179334c",
        "type": "github"
      },
      "original": {
        "owner": "nix-community",
        "repo": "home-manager",
        "type": "github"
      }
    },
    "neovim-nightly": {
      "inputs": {
        "flake-parts": [
          "nvim-gep",
          "flake-parts"
        ],
        "neovim-src": "neovim-src",
        "nixpkgs": [
          "nvim-gep",
          "nixpkgs"
        ]
      },
      "locked": {
        "lastModified": 1771718719,
        "narHash": "sha256-3l+XqvGhtEAgO/Bmj0BztZzt/B8/TaeXAueJLZnGWXg=",
        "owner": "nix-community",
        "repo": "neovim-nightly-overlay",
        "rev": "9ea828da7d7a4f21beb909a541a2da790031059c",
        "type": "github"
      },
      "original": {
        "owner": "nix-community",
        "repo": "neovim-nightly-overlay",
        "type": "github"
      }
    },
    "neovim-src": {
      "flake": false,
      "locked": {
        "lastModified": 1771717439,
        "narHash": "sha256-sH9AWegmJXG6cDCW7FtbTAcdno8KODvh2FwHozeyDgk=",
        "owner": "neovim",
        "repo": "neovim",
        "rev": "940d5c239b088fe0e994a220b4d524ddb44760e9",
        "type": "github"
      },
      "original": {
        "owner": "neovim",
        "repo": "neovim",
        "type": "github"
      }
    },
    "nix-index-database": {
      "inputs": {
        "nixpkgs": []
      },
      "locked": {
        "lastModified": 1771734689,
        "narHash": "sha256-/phvMgr1yutyAMjKnZlxkVplzxHiz60i4rc+gKzpwhg=",
        "owner": "nix-community",
        "repo": "nix-index-database",
        "rev": "8f590b832326ab9699444f3a48240595954a4b10",
        "type": "github"
      },
      "original": {
        "owner": "nix-community",
        "repo": "nix-index-database",
        "type": "github"
      }
    },
    "nixpkgs": {
      "locked": {
        "lastModified": 1771848320,
        "narHash": "sha256-0MAd+0mun3K/Ns8JATeHT1sX28faLII5hVLq0L3BdZU=",
        "owner": "NixOS",
        "repo": "nixpkgs",
        "rev": "2fc6539b481e1d2569f25f8799236694180c0993",
        "type": "github"
      },
      "original": {
        "owner": "NixOS",
        "ref": "nixos-unstable",
        "repo": "nixpkgs",
        "type": "github"
      }
    },
    "nixpkgs-patch-hytale-launcher": {
      "flake": false,
      "locked": {
        "narHash": "sha256-IT+KwLjUpLm+Q3oPLGtHoJcI4cJIVldMezKO9hqC7II=",
        "type": "file",
        "url": "https://github.com/NixOS/nixpkgs/pull/479368.diff"
      },
      "original": {
        "type": "file",
        "url": "https://github.com/NixOS/nixpkgs/pull/479368.diff"
      }
    },
    "nixpkgs-patcher": {
      "locked": {
        "lastModified": 1769207991,
        "narHash": "sha256-SwGLSB3H/Lq2gPa2/yCtmcUn8E/fVuPtZ5qnjrDj62s=",
        "owner": "gepbird",
        "repo": "nixpkgs-patcher",
        "rev": "2e59a7b94478f67e3ac2b221f737fe75c2175edc",
        "type": "github"
      },
      "original": {
        "owner": "gepbird",
        "repo": "nixpkgs-patcher",
        "type": "github"
      }
    },
    "nixvim": {
      "inputs": {
        "flake-parts": [
          "nvim-gep",
          "flake-parts"
        ],
        "nixpkgs": [
          "nvim-gep",
          "nixpkgs"
        ],
        "systems": [
          "nvim-gep",
          "systems"
        ]
      },
      "locked": {
        "lastModified": 1771135771,
        "narHash": "sha256-wyvBIhDuyCRyjB3yPg77qoyxrlgQtBR1rVW3c9knV3E=",
        "owner": "nix-community",
        "repo": "nixvim",
        "rev": "ed0424f0b08d303a7348f52f7850ad1b2704f9ba",
        "type": "github"
      },
      "original": {
        "owner": "nix-community",
        "repo": "nixvim",
        "type": "github"
      }
    },
    "nur": {
      "inputs": {
        "flake-parts": [
          "flake-parts"
        ],
        "nixpkgs": []
      },
      "locked": {
        "lastModified": 1771752521,
        "narHash": "sha256-rRBRfLL+ANP/kbk1wROm6MwMTUfLoSK0VyYscUj3EkM=",
        "owner": "nix-community",
        "repo": "NUR",
        "rev": "2f1833b131987d12afd049e9fb0faea6dad4bcb4",
        "type": "github"
      },
      "original": {
        "owner": "nix-community",
        "repo": "NUR",
        "type": "github"
      }
    },
    "nvim-gep": {
      "inputs": {
        "blink-cmp-redraw-fix": "blink-cmp-redraw-fix",
        "flake-parts": [
          "flake-parts"
        ],
        "neovim-nightly": "neovim-nightly",
        "nixpkgs": [
          "nixpkgs"
        ],
        "nixpkgs-patcher": [],
        "nixvim": "nixvim",
        "systems": [
          "systems"
        ]
      },
      "locked": {
        "lastModified": 1771752821,
        "narHash": "sha256-JGaH8jsC9Id3SukqW6e97W31w1AficGaQ3aj8v94Q24=",
        "ref": "refs/heads/main",
        "rev": "0c65a78ce0362a15025209a935721be06a4cccc2",
        "revCount": 110,
        "type": "git",
        "url": "https://git.tchfoo.com/gepbird/nvim"
      },
      "original": {
        "type": "git",
        "url": "https://git.tchfoo.com/gepbird/nvim"
      }
    },
    "root": {
      "inputs": {
        "dwm-gep": "dwm-gep",
        "flake-parts": "flake-parts",
        "home-manager": "home-manager",
        "nix-index-database": "nix-index-database",
        "nixpkgs": "nixpkgs",
        "nixpkgs-patch-hytale-launcher": "nixpkgs-patch-hytale-launcher",
        "nixpkgs-patcher": "nixpkgs-patcher",
        "nur": "nur",
        "nvim-gep": "nvim-gep",
        "sops-nix": "sops-nix",
        "systems": "systems",
        "treefmt-nix": "treefmt-nix"
      }
    },
    "sops-nix": {
      "inputs": {
        "nixpkgs": [
          "nixpkgs"
        ]
      },
      "locked": {
        "lastModified": 1771735105,
        "narHash": "sha256-MJuVJeszZEziquykEHh/hmgIHYxUcuoG/1aowpLiSeU=",
        "owner": "Mic92",
        "repo": "sops-nix",
        "rev": "d7755d820f5fa8acf7f223309c33e25d4f92e74f",
        "type": "github"
      },
      "original": {
        "owner": "Mic92",
        "repo": "sops-nix",
        "type": "github"
      }
    },
    "systems": {
      "locked": {
        "lastModified": 1681028828,
        "narHash": "sha256-Vy1rq5AaRuLzOxct8nz4T6wlgyUR7zLU309k9mBC768=",
        "owner": "nix-systems",
        "repo": "default",
        "rev": "da67096a3b9bf56a91d16901293e51ba5b49a27e",
        "type": "github"
      },
      "original": {
        "owner": "nix-systems",
        "repo": "default",
        "type": "github"
      }
    },
    "treefmt-nix": {
      "inputs": {
        "nixpkgs": []
      },
      "locked": {
        "lastModified": 1770228511,
        "narHash": "sha256-wQ6NJSuFqAEmIg2VMnLdCnUc0b7vslUohqqGGD+Fyxk=",
        "owner": "numtide",
        "repo": "treefmt-nix",
        "rev": "337a4fe074be1042a35086f15481d763b8ddc0e7",
        "type": "github"
      },
      "original": {
        "owner": "numtide",
        "repo": "treefmt-nix",
        "type": "github"
      }
    }
  },
  "root": "root",
  "version": 7
}
