{
  "nodes": {
    "dwm-gep": {
      "inputs": {
        "nixpkgs": []
      },
      "locked": {
        "lastModified": 1785798154,
        "narHash": "sha256-di8c6k/SD2IBeD3B+3rxiYCwydusfDMOQkbHtv54zHo=",
        "ref": "refs/heads/rice",
        "rev": "55b7d730cddfb9297a1b49a24ea05b6890edc8ab",
        "revCount": 1793,
        "type": "git",
        "url": "https://git.tchfoo.com/gepbird/dwm"
      },
      "original": {
        "type": "git",
        "url": "https://git.tchfoo.com/gepbird/dwm"
      }
    },
    "flake-parts": {
      "inputs": {
        "nixpkgs-lib": [
          "nixpkgs"
        ]
      },
      "locked": {
        "lastModified": 1785627969,
        "narHash": "sha256-4dtXQk/NMePegK/nWp5NSeuZKLATItOq61lpEvmXqGw=",
        "owner": "hercules-ci",
        "repo": "flake-parts",
        "rev": "427bf4bd9435fdf21321c8cc628c24efc14c0f7a",
        "type": "github"
      },
      "original": {
        "owner": "hercules-ci",
        "repo": "flake-parts",
        "type": "github"
      }
    },
    "home-manager": {
      "inputs": {
        "nixpkgs": []
      },
      "locked": {
        "lastModified": 1786031233,
        "narHash": "sha256-TIDlLTLI1/pB7IqgjzcKQjpODQsZE2oII4XGG9B6KjI=",
        "owner": "nix-community",
        "repo": "home-manager",
        "rev": "7834e82588860aaf780cec1366524456a70898d7",
        "type": "github"
      },
      "original": {
        "owner": "nix-community",
        "repo": "home-manager",
        "type": "github"
      }
    },
    "import-tree": {
      "locked": {
        "lastModified": 1784254960,
        "narHash": "sha256-iI88R3wHz8wTKQb5orvpc51L/Xr64AJyxid/0MKa/b8=",
        "owner": "denful",
        "repo": "import-tree",
        "rev": "4ebb10ae17d5f1ad366e7aef5b92cb8eecf24f69",
        "type": "github"
      },
      "original": {
        "owner": "denful",
        "repo": "import-tree",
        "type": "github"
      }
    },
    "neovim-nightly": {
      "inputs": {
        "flake-parts": [
          "nvim-gep",
          "flake-parts"
        ],
        "neovim-src": "neovim-src",
        "nixpkgs": [
          "nvim-gep",
          "nixpkgs"
        ]
      },
      "locked": {
        "lastModified": 1785542612,
        "narHash": "sha256-a02MVBNKV2AS1b6ONXIKyBf5It2v6WGdmpcmWkIvHGM=",
        "owner": "nix-community",
        "repo": "neovim-nightly-overlay",
        "rev": "53ecaf07579fe2e6141c9acf5fb83eb3ea177e3b",
        "type": "github"
      },
      "original": {
        "owner": "nix-community",
        "repo": "neovim-nightly-overlay",
        "type": "github"
      }
    },
    "neovim-src": {
      "flake": false,
      "locked": {
        "lastModified": 1785540328,
        "narHash": "sha256-Zrhv5h3QDjy13Mc4uDf86UXgRsp610m7JriJYxIYxf0=",
        "owner": "neovim",
        "repo": "neovim",
        "rev": "f8872bccbe431ce8af50929841cf16daf13a2d2a",
        "type": "github"
      },
      "original": {
        "owner": "neovim",
        "repo": "neovim",
        "type": "github"
      }
    },
    "nix-index-database": {
      "inputs": {
        "nixpkgs": []
      },
      "locked": {
        "lastModified": 1785650611,
        "narHash": "sha256-q4kR7g+pCcz6NASvoVPYu+CWWUurX03wogtBqGmR4h0=",
        "owner": "nix-community",
        "repo": "nix-index-database",
        "rev": "dbc756c9d7287de19b3e0e38c928c47510d42c3e",
        "type": "github"
      },
      "original": {
        "owner": "nix-community",
        "repo": "nix-index-database",
        "type": "github"
      }
    },
    "nixpkgs": {
      "locked": {
        "lastModified": 1785967620,
        "narHash": "sha256-IItrdb7Puk05RqOBWZYFC5X6Wl1sJmCfh5MWVHw5iMM=",
        "owner": "NixOS",
        "repo": "nixpkgs",
        "rev": "b7c2ada94fe99c15b0dbcf4d11fd7850b957a436",
        "type": "github"
      },
      "original": {
        "owner": "NixOS",
        "ref": "nixos-unstable",
        "repo": "nixpkgs",
        "type": "github"
      }
    },
    "nixpkgs-patch-hytale-launcher": {
      "flake": false,
      "locked": {
        "narHash": "sha256-+fF+k8BiwEV68fdEsVGjMKe8CtLwScwCAk0s771843E=",
        "type": "file",
        "url": "https://github.com/NixOS/nixpkgs/pull/479368.diff"
      },
      "original": {
        "type": "file",
        "url": "https://github.com/NixOS/nixpkgs/pull/479368.diff"
      }
    },
    "nixpkgs-patch-packet-tracer-fix-mime": {
      "flake": false,
      "locked": {
        "narHash": "sha256-1Tzuqj1146SGCCSwG9ZkEmnO/IIADRcgev9y/+8t4WY=",
        "type": "file",
        "url": "https://github.com/NixOS/nixpkgs/pull/496181.diff"
      },
      "original": {
        "type": "file",
        "url": "https://github.com/NixOS/nixpkgs/pull/496181.diff"
      }
    },
    "nixpkgs-patcher": {
      "locked": {
        "lastModified": 1781789965,
        "narHash": "sha256-ZRlWPq2Qms6KbesJrj7cUe2GN7s8BZISfp9ZbrCi2x0=",
        "owner": "gepbird",
        "repo": "nixpkgs-patcher",
        "rev": "d2abed2b94b7955e05b4e2e8a9b8ac45597ecf94",
        "type": "github"
      },
      "original": {
        "owner": "gepbird",
        "repo": "nixpkgs-patcher",
        "type": "github"
      }
    },
    "nixvim": {
      "inputs": {
        "flake-parts": [
          "nvim-gep",
          "flake-parts"
        ],
        "nixpkgs": [
          "nvim-gep",
          "nixpkgs"
        ],
        "systems": [
          "nvim-gep",
          "systems"
        ]
      },
      "locked": {
        "lastModified": 1785527278,
        "narHash": "sha256-rYFSM491MFFA1V6oax5PngXbevGt6n0o8sKhwFoItE0=",
        "owner": "nix-community",
        "repo": "nixvim",
        "rev": "a19efae6c1afe426e8243d79f6dfbab186be6df8",
        "type": "github"
      },
      "original": {
        "owner": "nix-community",
        "repo": "nixvim",
        "type": "github"
      }
    },
    "nur": {
      "inputs": {
        "flake-parts": [
          "flake-parts"
        ],
        "nixpkgs": [
          "nixpkgs"
        ]
      },
      "locked": {
        "lastModified": 1786058959,
        "narHash": "sha256-/+EEIFyClAP5GSCinHl/cpfulm7chOdKKHsuJ1deMeA=",
        "owner": "nix-community",
        "repo": "NUR",
        "rev": "80f4df6e9648058dd7fde168ffb84bc22e919bb4",
        "type": "github"
      },
      "original": {
        "owner": "nix-community",
        "repo": "NUR",
        "type": "github"
      }
    },
    "nvim-gep": {
      "inputs": {
        "flake-parts": [
          "flake-parts"
        ],
        "import-tree": "import-tree",
        "neovim-nightly": "neovim-nightly",
        "nixpkgs": [
          "nixpkgs"
        ],
        "nixpkgs-patcher": [],
        "nixvim": "nixvim",
        "systems": [
          "systems"
        ]
      },
      "locked": {
        "lastModified": 1785575204,
        "narHash": "sha256-pWvqZmJpF3eTn37WodPDKVOe/v7oMCNKKCp6jDE6aeg=",
        "ref": "refs/heads/main",
        "rev": "452ff0e976c52885caab71d143f8e2ed252625d8",
        "revCount": 225,
        "type": "git",
        "url": "https://git.tchfoo.com/gepbird/nvim"
      },
      "original": {
        "type": "git",
        "url": "https://git.tchfoo.com/gepbird/nvim"
      }
    },
    "root": {
      "inputs": {
        "dwm-gep": "dwm-gep",
        "flake-parts": "flake-parts",
        "home-manager": "home-manager",
        "nix-index-database": "nix-index-database",
        "nixpkgs": "nixpkgs",
        "nixpkgs-patch-hytale-launcher": "nixpkgs-patch-hytale-launcher",
        "nixpkgs-patch-packet-tracer-fix-mime": "nixpkgs-patch-packet-tracer-fix-mime",
        "nixpkgs-patcher": "nixpkgs-patcher",
        "nur": "nur",
        "nvim-gep": "nvim-gep",
        "sops-nix": "sops-nix",
        "systems": "systems",
        "treefmt-nix": "treefmt-nix"
      }
    },
    "sops-nix": {
      "inputs": {
        "nixpkgs": [
          "nixpkgs"
        ]
      },
      "locked": {
        "lastModified": 1783174389,
        "narHash": "sha256-aCWC8ngycU7OdJrU2+Je3qf+1a2ykuBvpPhZT/9tXMc=",
        "owner": "Mic92",
        "repo": "sops-nix",
        "rev": "f1406619a3884cd5c47992a70b8b35c9c0fcb4c9",
        "type": "github"
      },
      "original": {
        "owner": "Mic92",
        "repo": "sops-nix",
        "type": "github"
      }
    },
    "systems": {
      "locked": {
        "lastModified": 1681028828,
        "narHash": "sha256-Vy1rq5AaRuLzOxct8nz4T6wlgyUR7zLU309k9mBC768=",
        "owner": "nix-systems",
        "repo": "default",
        "rev": "da67096a3b9bf56a91d16901293e51ba5b49a27e",
        "type": "github"
      },
      "original": {
        "owner": "nix-systems",
        "repo": "default",
        "type": "github"
      }
    },
    "treefmt-nix": {
      "inputs": {
        "nixpkgs": []
      },
      "locked": {
        "lastModified": 1785945821,
        "narHash": "sha256-NLSyTCW4K4ofhNBllt3omPasm6QpralXH1DBZOc91Dw=",
        "owner": "numtide",
        "repo": "treefmt-nix",
        "rev": "ae7910970dddc408fe6ab1c8e4b277bb21d72dc0",
        "type": "github"
      },
      "original": {
        "owner": "numtide",
        "repo": "treefmt-nix",
        "type": "github"
      }
    }
  },
  "root": "root",
  "version": 7
}
