{
  "nodes": {
    "dwm-gep": {
      "inputs": {
        "nixpkgs": []
      },
      "locked": {
        "lastModified": 1785543925,
        "narHash": "sha256-eZWyV/f4s+wWn/jsj4GOBxEglIG9UkL6CY3VZ2lJ/jM=",
        "ref": "refs/heads/rice",
        "rev": "ef6b4b16e7148229330941892c40a437a6ca86ce",
        "revCount": 1788,
        "type": "git",
        "url": "https://git.tchfoo.com/gepbird/dwm"
      },
      "original": {
        "type": "git",
        "url": "https://git.tchfoo.com/gepbird/dwm"
      }
    },
    "flake-parts": {
      "inputs": {
        "nixpkgs-lib": [
          "nixpkgs"
        ]
      },
      "locked": {
        "lastModified": 1782949081,
        "narHash": "sha256-vp6Y/Grm98ESt6ceOkWiHWyZRDV3J1RID4w+6NWK9yA=",
        "owner": "hercules-ci",
        "repo": "flake-parts",
        "rev": "17c9d6cdfc60c64f4ee8d306f9bc0b4ccb51481e",
        "type": "github"
      },
      "original": {
        "owner": "hercules-ci",
        "repo": "flake-parts",
        "type": "github"
      }
    },
    "home-manager": {
      "inputs": {
        "nixpkgs": []
      },
      "locked": {
        "lastModified": 1785531816,
        "narHash": "sha256-vkMnV0JIyw+g/NmcfoajlGaAO+9a0ezia+FZohQJrik=",
        "owner": "nix-community",
        "repo": "home-manager",
        "rev": "bf9ce9fec78f95f374e8dd3b503863a3ec128ebe",
        "type": "github"
      },
      "original": {
        "owner": "nix-community",
        "repo": "home-manager",
        "type": "github"
      }
    },
    "import-tree": {
      "locked": {
        "lastModified": 1784254960,
        "narHash": "sha256-iI88R3wHz8wTKQb5orvpc51L/Xr64AJyxid/0MKa/b8=",
        "owner": "denful",
        "repo": "import-tree",
        "rev": "4ebb10ae17d5f1ad366e7aef5b92cb8eecf24f69",
        "type": "github"
      },
      "original": {
        "owner": "denful",
        "repo": "import-tree",
        "type": "github"
      }
    },
    "neovim-nightly": {
      "inputs": {
        "flake-parts": [
          "nvim-gep",
          "flake-parts"
        ],
        "neovim-src": "neovim-src",
        "nixpkgs": [
          "nvim-gep",
          "nixpkgs"
        ]
      },
      "locked": {
        "lastModified": 1785542612,
        "narHash": "sha256-a02MVBNKV2AS1b6ONXIKyBf5It2v6WGdmpcmWkIvHGM=",
        "owner": "nix-community",
        "repo": "neovim-nightly-overlay",
        "rev": "53ecaf07579fe2e6141c9acf5fb83eb3ea177e3b",
        "type": "github"
      },
      "original": {
        "owner": "nix-community",
        "repo": "neovim-nightly-overlay",
        "type": "github"
      }
    },
    "neovim-src": {
      "flake": false,
      "locked": {
        "lastModified": 1785540328,
        "narHash": "sha256-Zrhv5h3QDjy13Mc4uDf86UXgRsp610m7JriJYxIYxf0=",
        "owner": "neovim",
        "repo": "neovim",
        "rev": "f8872bccbe431ce8af50929841cf16daf13a2d2a",
        "type": "github"
      },
      "original": {
        "owner": "neovim",
        "repo": "neovim",
        "type": "github"
      }
    },
    "nix-index-database": {
      "inputs": {
        "nixpkgs": []
      },
      "locked": {
        "lastModified": 1785046085,
        "narHash": "sha256-UiK+mmZJuLWQVhJ5b2wDzogIYWAesyRm6LA3h3Ulh3Y=",
        "owner": "nix-community",
        "repo": "nix-index-database",
        "rev": "11665045df8b9938ef811a3bfdc65cffb02b4b70",
        "type": "github"
      },
      "original": {
        "owner": "nix-community",
        "repo": "nix-index-database",
        "type": "github"
      }
    },
    "nixpkgs": {
      "locked": {
        "lastModified": 1785571196,
        "narHash": "sha256-KoTsyMQqnXQZq8deCEnu4QkyldkwH/bpMMhUcfMdGIw=",
        "owner": "NixOS",
        "repo": "nixpkgs",
        "rev": "148bab9c1c3c53136ecb44a6ea356a0ed5b39b06",
        "type": "github"
      },
      "original": {
        "owner": "NixOS",
        "ref": "nixos-unstable",
        "repo": "nixpkgs",
        "type": "github"
      }
    },
    "nixpkgs-patch-hytale-launcher": {
      "flake": false,
      "locked": {
        "narHash": "sha256-+fF+k8BiwEV68fdEsVGjMKe8CtLwScwCAk0s771843E=",
        "type": "file",
        "url": "https://github.com/NixOS/nixpkgs/pull/479368.diff"
      },
      "original": {
        "type": "file",
        "url": "https://github.com/NixOS/nixpkgs/pull/479368.diff"
      }
    },
    "nixpkgs-patch-packet-tracer-fix-mime": {
      "flake": false,
      "locked": {
        "narHash": "sha256-1Tzuqj1146SGCCSwG9ZkEmnO/IIADRcgev9y/+8t4WY=",
        "type": "file",
        "url": "https://github.com/NixOS/nixpkgs/pull/496181.diff"
      },
      "original": {
        "type": "file",
        "url": "https://github.com/NixOS/nixpkgs/pull/496181.diff"
      }
    },
    "nixpkgs-patcher": {
      "locked": {
        "lastModified": 1781789965,
        "narHash": "sha256-ZRlWPq2Qms6KbesJrj7cUe2GN7s8BZISfp9ZbrCi2x0=",
        "owner": "gepbird",
        "repo": "nixpkgs-patcher",
        "rev": "d2abed2b94b7955e05b4e2e8a9b8ac45597ecf94",
        "type": "github"
      },
      "original": {
        "owner": "gepbird",
        "repo": "nixpkgs-patcher",
        "type": "github"
      }
    },
    "nixvim": {
      "inputs": {
        "flake-parts": [
          "nvim-gep",
          "flake-parts"
        ],
        "nixpkgs": [
          "nvim-gep",
          "nixpkgs"
        ],
        "systems": [
          "nvim-gep",
          "systems"
        ]
      },
      "locked": {
        "lastModified": 1785527278,
        "narHash": "sha256-rYFSM491MFFA1V6oax5PngXbevGt6n0o8sKhwFoItE0=",
        "owner": "nix-community",
        "repo": "nixvim",
        "rev": "a19efae6c1afe426e8243d79f6dfbab186be6df8",
        "type": "github"
      },
      "original": {
        "owner": "nix-community",
        "repo": "nixvim",
        "type": "github"
      }
    },
    "nur": {
      "inputs": {
        "flake-parts": [
          "flake-parts"
        ],
        "nixpkgs": [
          "nixpkgs"
        ]
      },
      "locked": {
        "lastModified": 1785609271,
        "narHash": "sha256-mvTgsdL/6zWODwt8nne3Nn55o6r+fHRj6gRaHP3vv8c=",
        "owner": "nix-community",
        "repo": "NUR",
        "rev": "071ffd9688a21b1e30fc7451ddfe187bcc24b437",
        "type": "github"
      },
      "original": {
        "owner": "nix-community",
        "repo": "NUR",
        "type": "github"
      }
    },
    "nvim-gep": {
      "inputs": {
        "flake-parts": [
          "flake-parts"
        ],
        "import-tree": "import-tree",
        "neovim-nightly": "neovim-nightly",
        "nixpkgs": [
          "nixpkgs"
        ],
        "nixpkgs-patcher": [],
        "nixvim": "nixvim",
        "systems": [
          "systems"
        ]
      },
      "locked": {
        "lastModified": 1785575204,
        "narHash": "sha256-pWvqZmJpF3eTn37WodPDKVOe/v7oMCNKKCp6jDE6aeg=",
        "ref": "refs/heads/main",
        "rev": "452ff0e976c52885caab71d143f8e2ed252625d8",
        "revCount": 225,
        "type": "git",
        "url": "https://git.tchfoo.com/gepbird/nvim"
      },
      "original": {
        "type": "git",
        "url": "https://git.tchfoo.com/gepbird/nvim"
      }
    },
    "root": {
      "inputs": {
        "dwm-gep": "dwm-gep",
        "flake-parts": "flake-parts",
        "home-manager": "home-manager",
        "nix-index-database": "nix-index-database",
        "nixpkgs": "nixpkgs",
        "nixpkgs-patch-hytale-launcher": "nixpkgs-patch-hytale-launcher",
        "nixpkgs-patch-packet-tracer-fix-mime": "nixpkgs-patch-packet-tracer-fix-mime",
        "nixpkgs-patcher": "nixpkgs-patcher",
        "nur": "nur",
        "nvim-gep": "nvim-gep",
        "sops-nix": "sops-nix",
        "systems": "systems",
        "treefmt-nix": "treefmt-nix"
      }
    },
    "sops-nix": {
      "inputs": {
        "nixpkgs": [
          "nixpkgs"
        ]
      },
      "locked": {
        "lastModified": 1783174389,
        "narHash": "sha256-aCWC8ngycU7OdJrU2+Je3qf+1a2ykuBvpPhZT/9tXMc=",
        "owner": "Mic92",
        "repo": "sops-nix",
        "rev": "f1406619a3884cd5c47992a70b8b35c9c0fcb4c9",
        "type": "github"
      },
      "original": {
        "owner": "Mic92",
        "repo": "sops-nix",
        "type": "github"
      }
    },
    "systems": {
      "locked": {
        "lastModified": 1681028828,
        "narHash": "sha256-Vy1rq5AaRuLzOxct8nz4T6wlgyUR7zLU309k9mBC768=",
        "owner": "nix-systems",
        "repo": "default",
        "rev": "da67096a3b9bf56a91d16901293e51ba5b49a27e",
        "type": "github"
      },
      "original": {
        "owner": "nix-systems",
        "repo": "default",
        "type": "github"
      }
    },
    "treefmt-nix": {
      "inputs": {
        "nixpkgs": []
      },
      "locked": {
        "lastModified": 1785360170,
        "narHash": "sha256-XE1lKgQ3eIO3E7zWryqcRsax+mYXod/5RHBn4YaR9YE=",
        "owner": "numtide",
        "repo": "treefmt-nix",
        "rev": "d1187f8bc71fb8aab02395869ec3f5c1920f75c0",
        "type": "github"
      },
      "original": {
        "owner": "numtide",
        "repo": "treefmt-nix",
        "type": "github"
      }
    }
  },
  "root": "root",
  "version": 7
}
